
Microsoft Visual Studio Solution File, Format Version 10.00
# Visual Studio 2008
Project("{FAE04EC0-301F-11D3-BF4B-00C04F79EFBC}") = "TranslationTool", "TranslationTool\TranslationTool.csproj", "{9A28765D-6B8A-406D-B5EC-710271C6E7EB}"
EndProject
Global
	GlobalSection(SolutionConfigurationPlatforms) = preSolution
		Debug|Any CPU = Debug|Any CPU
		Release|Any CPU = Release|Any CPU
	EndGlobalSection
	GlobalSection(ProjectConfigurationPlatforms) = postSolution
		{9A28765D-6B8A-406D-B5EC-710271C6E7EB}.Debug|Any CPU.ActiveCfg = Debug|Any CPU
		{9A28765D-6B8A-406D-B5EC-710271C6E7EB}.Debug|Any CPU.Build.0 = Debug|Any CPU
		{9A28765D-6B8A-406D-B5EC-710271C6E7EB}.Release|Any CPU.ActiveCfg = Release|Any CPU
		{9A28765D-6B8A-406D-B5EC-710271C6E7EB}.Release|Any CPU.Build.0 = Release|Any CPU
	EndGlobalSection
	GlobalSection(SolutionProperties) = preSolution
		HideSolutionNode = FALSE
	EndGlobalSection
EndGlobal
